// !$*UTF8*$!
{
	archiveVersion = 1;
	classes = {
	};
	objectVersion = 56;
	objects = {

/* Begin PBXBuildFile section */
		379C4D0429829F6A006C4267 /* PostService.swift in Sources */ = {isa = PBXBuildFile; fileRef = 379C4D0329829F6A006C4267 /* PostService.swift */; };
		6E926DF62982425C00A68EFB /* AppDelegate.swift in Sources */ = {isa = PBXBuildFile; fileRef = 6E926DF52982425C00A68EFB /* AppDelegate.swift */; };
		6E926DF82982425C00A68EFB /* SceneDelegate.swift in Sources */ = {isa = PBXBuildFile; fileRef = 6E926DF72982425C00A68EFB /* SceneDelegate.swift */; };
		6E926DFD2982425C00A68EFB /* Main.storyboard in Resources */ = {isa = PBXBuildFile; fileRef = 6E926DFB2982425C00A68EFB /* Main.storyboard */; };
		6E926DFF2982425D00A68EFB /* Assets.xcassets in Resources */ = {isa = PBXBuildFile; fileRef = 6E926DFE2982425D00A68EFB /* Assets.xcassets */; };
		6E926E022982425D00A68EFB /* LaunchScreen.storyboard in Resources */ = {isa = PBXBuildFile; fileRef = 6E926E002982425D00A68EFB /* LaunchScreen.storyboard */; };
		6E926E0A298242DD00A68EFB /* TodoListTVC.swift in Sources */ = {isa = PBXBuildFile; fileRef = 6E926E09298242DD00A68EFB /* TodoListTVC.swift */; };
		6E926E0C2982448300A68EFB /* GoogleService-Info.plist in Resources */ = {isa = PBXBuildFile; fileRef = 6E926E0B2982448300A68EFB /* GoogleService-Info.plist */; };
		6E926E0E298245B600A68EFB /* TodoCell.swift in Sources */ = {isa = PBXBuildFile; fileRef = 6E926E0D298245B600A68EFB /* TodoCell.swift */; };
		6E926E1429824BF400A68EFB /* AddNewTodoVC.swift in Sources */ = {isa = PBXBuildFile; fileRef = 6E926E1329824BF400A68EFB /* AddNewTodoVC.swift */; };
		EBA7064A41F0FB8554F21D83 /* Pods_TODO.framework in Frameworks */ = {isa = PBXBuildFile; fileRef = 300DDCB92D7AD4C8CC0DC3D0 /* Pods_TODO.framework */; };
/* End PBXBuildFile section */

/* Begin PBXFileReference section */
		2D51A8A3F2181CAF6AEBB782 /* Pods-TODO.debug.xcconfig */ = {isa = PBXFileReference; includeInIndex = 1; lastKnownFileType = text.xcconfig; name = "Pods-TODO.debug.xcconfig"; path = "Target Support Files/Pods-TODO/Pods-TODO.debug.xcconfig"; sourceTree = "<group>"; };
		300DDCB92D7AD4C8CC0DC3D0 /* Pods_TODO.framework */ = {isa = PBXFileReference; explicitFileType = wrapper.framework; includeInIndex = 0; path = Pods_TODO.framework; sourceTree = BUILT_PRODUCTS_DIR; };
		379C4D0329829F6A006C4267 /* PostService.swift */ = {isa = PBXFileReference; lastKnownFileType = sourcecode.swift; path = PostService.swift; sourceTree = "<group>"; };
		6E926DF22982425C00A68EFB /* TODO.app */ = {isa = PBXFileReference; explicitFileType = wrapper.application; includeInIndex = 0; path = TODO.app; sourceTree = BUILT_PRODUCTS_DIR; };
		6E926DF52982425C00A68EFB /* AppDelegate.swift */ = {isa = PBXFileReference; lastKnownFileType = sourcecode.swift; path = AppDelegate.swift; sourceTree = "<group>"; };
		6E926DF72982425C00A68EFB /* SceneDelegate.swift */ = {isa = PBXFileReference; lastKnownFileType = sourcecode.swift; path = SceneDelegate.swift; sourceTree = "<group>"; };
		6E926DFC2982425C00A68EFB /* Base */ = {isa = PBXFileReference; lastKnownFileType = file.storyboard; name = Base; path = Base.lproj/Main.storyboard; sourceTree = "<group>"; };
		6E926DFE2982425D00A68EFB /* Assets.xcassets */ = {isa = PBXFileReference; lastKnownFileType = folder.assetcatalog; path = Assets.xcassets; sourceTree = "<group>"; };
		6E926E012982425D00A68EFB /* Base */ = {isa = PBXFileReference; lastKnownFileType = file.storyboard; name = Base; path = Base.lproj/LaunchScreen.storyboard; sourceTree = "<group>"; };
		6E926E032982425D00A68EFB /* Info.plist */ = {isa = PBXFileReference; lastKnownFileType = text.plist.xml; path = Info.plist; sourceTree = "<group>"; };
		6E926E09298242DD00A68EFB /* TodoListTVC.swift */ = {isa = PBXFileReference; lastKnownFileType = sourcecode.swift; path = TodoListTVC.swift; sourceTree = "<group>"; };
		6E926E0B2982448300A68EFB /* GoogleService-Info.plist */ = {isa = PBXFileReference; fileEncoding = 4; lastKnownFileType = text.plist.xml; path = "GoogleService-Info.plist"; sourceTree = "<group>"; };
		6E926E0D298245B600A68EFB /* TodoCell.swift */ = {isa = PBXFileReference; lastKnownFileType = sourcecode.swift; path = TodoCell.swift; sourceTree = "<group>"; };
		6E926E1329824BF400A68EFB /* AddNewTodoVC.swift */ = {isa = PBXFileReference; lastKnownFileType = sourcecode.swift; path = AddNewTodoVC.swift; sourceTree = "<group>"; };
		AED98C68707F49EBE4F042EE /* Pods-TODO.release.xcconfig */ = {isa = PBXFileReference; includeInIndex = 1; lastKnownFileType = text.xcconfig; name = "Pods-TODO.release.xcconfig"; path = "Target Support Files/Pods-TODO/Pods-TODO.release.xcconfig"; sourceTree = "<group>"; };
/* End PBXFileReference section */

/* Begin PBXFrameworksBuildPhase section */
		6E926DEF2982425C00A68EFB /* Frameworks */ = {
			isa = PBXFrameworksBuildPhase;
			buildActionMask = 2147483647;
			files = (
				EBA7064A41F0FB8554F21D83 /* Pods_TODO.framework in Frameworks */,
			);
			runOnlyForDeploymentPostprocessing = 0;
		};
/* End PBXFrameworksBuildPhase section */

/* Begin PBXGroup section */
		379C4D0229829F60006C4267 /* API */ = {
			isa = PBXGroup;
			children = (
				379C4D0329829F6A006C4267 /* PostService.swift */,
			);
			path = API;
			sourceTree = "<group>";
		};
		4257A5DB14C3B6ADA141863F /* Pods */ = {
			isa = PBXGroup;
			children = (
				2D51A8A3F2181CAF6AEBB782 /* Pods-TODO.debug.xcconfig */,
				AED98C68707F49EBE4F042EE /* Pods-TODO.release.xcconfig */,
			);
			path = Pods;
			sourceTree = "<group>";
		};
		5495EFEAA0F41DB10CDEC768 /* Frameworks */ = {
			isa = PBXGroup;
			children = (
				300DDCB92D7AD4C8CC0DC3D0 /* Pods_TODO.framework */,
			);
			name = Frameworks;
			sourceTree = "<group>";
		};
		6E926DE92982425C00A68EFB = {
			isa = PBXGroup;
			children = (
				6E926DF42982425C00A68EFB /* TODO */,
				6E926DF32982425C00A68EFB /* Products */,
				4257A5DB14C3B6ADA141863F /* Pods */,
				5495EFEAA0F41DB10CDEC768 /* Frameworks */,
			);
			sourceTree = "<group>";
		};
		6E926DF32982425C00A68EFB /* Products */ = {
			isa = PBXGroup;
			children = (
				6E926DF22982425C00A68EFB /* TODO.app */,
			);
			name = Products;
			sourceTree = "<group>";
		};
		6E926DF42982425C00A68EFB /* TODO */ = {
			isa = PBXGroup;
			children = (
				379C4D0229829F60006C4267 /* API */,
				6E926DF52982425C00A68EFB /* AppDelegate.swift */,
				6E926DF72982425C00A68EFB /* SceneDelegate.swift */,
				6E926DFB2982425C00A68EFB /* Main.storyboard */,
				6E926DFE2982425D00A68EFB /* Assets.xcassets */,
				6E926E002982425D00A68EFB /* LaunchScreen.storyboard */,
				6E926E032982425D00A68EFB /* Info.plist */,
				6E926E0B2982448300A68EFB /* GoogleService-Info.plist */,
				6E926E122982462700A68EFB /* Model */,
				6E926E112982461800A68EFB /* View */,
				6E926E102982461100A68EFB /* Controller */,
			);
			path = TODO;
			sourceTree = "<group>";
		};
		6E926E102982461100A68EFB /* Controller */ = {
			isa = PBXGroup;
			children = (
				6E926E09298242DD00A68EFB /* TodoListTVC.swift */,
				6E926E1329824BF400A68EFB /* AddNewTodoVC.swift */,
			);
			path = Controller;
			sourceTree = "<group>";
		};
		6E926E112982461800A68EFB /* View */ = {
			isa = PBXGroup;
			children = (
				6E926E0D298245B600A68EFB /* TodoCell.swift */,
			);
			path = View;
			sourceTree = "<group>";
		};
		6E926E122982462700A68EFB /* Model */ = {
			isa = PBXGroup;
			children = (
			);
			path = Model;
			sourceTree = "<group>";
		};
/* End PBXGroup section */

/* Begin PBXNativeTarget section */
		6E926DF12982425C00A68EFB /* TODO */ = {
			isa = PBXNativeTarget;
			buildConfigurationList = 6E926E062982425D00A68EFB /* Build configuration list for PBXNativeTarget "TODO" */;
			buildPhases = (
				E34CA2DAC991E6EF40ACD024 /* [CP] Check Pods Manifest.lock */,
				6E926DEE2982425C00A68EFB /* Sources */,
				6E926DEF2982425C00A68EFB /* Frameworks */,
				6E926DF02982425C00A68EFB /* Resources */,
				CF326AC0BCBFA6D32C601763 /* [CP] Embed Pods Frameworks */,
			);
			buildRules = (
			);
			dependencies = (
			);
			name = TODO;
			productName = TODO;
			productReference = 6E926DF22982425C00A68EFB /* TODO.app */;
			productType = "com.apple.product-type.application";
		};
/* End PBXNativeTarget section */

/* Begin PBXProject section */
		6E926DEA2982425C00A68EFB /* Project object */ = {
			isa = PBXProject;
			attributes = {
				BuildIndependentTargetsInParallel = 1;
				LastSwiftUpdateCheck = 1420;
				LastUpgradeCheck = 1420;
				TargetAttributes = {
					6E926DF12982425C00A68EFB = {
						CreatedOnToolsVersion = 14.2;
					};
				};
			};
			buildConfigurationList = 6E926DED2982425C00A68EFB /* Build configuration list for PBXProject "TODO" */;
			compatibilityVersion = "Xcode 14.0";
			developmentRegion = en;
			hasScannedForEncodings = 0;
			knownRegions = (
				en,
				Base,
			);
			mainGroup = 6E926DE92982425C00A68EFB;
			productRefGroup = 6E926DF32982425C00A68EFB /* Products */;
			projectDirPath = "";
			projectRoot = "";
			targets = (
				6E926DF12982425C00A68EFB /* TODO */,
			);
		};
/* End PBXProject section */

/* Begin PBXResourcesBuildPhase section */
		6E926DF02982425C00A68EFB /* Resources */ = {
			isa = PBXResourcesBuildPhase;
			buildActionMask = 2147483647;
			files = (
				6E926E022982425D00A68EFB /* LaunchScreen.storyboard in Resources */,
				6E926E0C2982448300A68EFB /* GoogleService-Info.plist in Resources */,
				6E926DFF2982425D00A68EFB /* Assets.xcassets in Resources */,
				6E926DFD2982425C00A68EFB /* Main.storyboard in Resources */,
			);
			runOnlyForDeploymentPostprocessing = 0;
		};
/* End PBXResourcesBuildPhase section */

/* Begin PBXShellScriptBuildPhase section */
		CF326AC0BCBFA6D32C601763 /* [CP] Embed Pods Frameworks */ = {
			isa = PBXShellScriptBuildPhase;
			buildActionMask = 2147483647;
			files = (
			);
			inputFileListPaths = (
				"${PODS_ROOT}/Target Support Files/Pods-TODO/Pods-TODO-frameworks-${CONFIGURATION}-input-files.xcfilelist",
			);
			name = "[CP] Embed Pods Frameworks";
			outputFileListPaths = (
				"${PODS_ROOT}/Target Support Files/Pods-TODO/Pods-TODO-frameworks-${CONFIGURATION}-output-files.xcfilelist",
			);
			runOnlyForDeploymentPostprocessing = 0;
			shellPath = /bin/sh;
			shellScript = "\"${PODS_ROOT}/Target Support Files/Pods-TODO/Pods-TODO-frameworks.sh\"\n";
			showEnvVarsInLog = 0;
		};
		E34CA2DAC991E6EF40ACD024 /* [CP] Check Pods Manifest.lock */ = {
			isa = PBXShellScriptBuildPhase;
			buildActionMask = 2147483647;
			files = (
			);
			inputFileListPaths = (
			);
			inputPaths = (
				"${PODS_PODFILE_DIR_PATH}/Podfile.lock",
				"${PODS_ROOT}/Manifest.lock",
			);
			name = "[CP] Check Pods Manifest.lock";
			outputFileListPaths = (
			);
			outputPaths = (
				"$(DERIVED_FILE_DIR)/Pods-TODO-checkManifestLockResult.txt",
			);
			runOnlyForDeploymentPostprocessing = 0;
			shellPath = /bin/sh;
			shellScript = "diff \"${PODS_PODFILE_DIR_PATH}/Podfile.lock\" \"${PODS_ROOT}/Manifest.lock\" > /dev/null\nif [ $? != 0 ] ; then\n    # print error to STDERR\n    echo \"error: The sandbox is not in sync with the Podfile.lock. Run 'pod install' or update your CocoaPods installation.\" >&2\n    exit 1\nfi\n# This output is used by Xcode 'outputs' to avoid re-running this script phase.\necho \"SUCCESS\" > \"${SCRIPT_OUTPUT_FILE_0}\"\n";
			showEnvVarsInLog = 0;
		};
/* End PBXShellScriptBuildPhase section */

/* Begin PBXSourcesBuildPhase section */
		6E926DEE2982425C00A68EFB /* Sources */ = {
			isa = PBXSourcesBuildPhase;
			buildActionMask = 2147483647;
			files = (
				6E926E0A298242DD00A68EFB /* TodoListTVC.swift in Sources */,
				379C4D0429829F6A006C4267 /* PostService.swift in Sources */,
				6E926DF62982425C00A68EFB /* AppDelegate.swift in Sources */,
				6E926DF82982425C00A68EFB /* SceneDelegate.swift in Sources */,
				6E926E1429824BF400A68EFB /* AddNewTodoVC.swift in Sources */,
				6E926E0E298245B600A68EFB /* TodoCell.swift in Sources */,
			);
			runOnlyForDeploymentPostprocessing = 0;
		};
/* End PBXSourcesBuildPhase section */

/* Begin PBXVariantGroup section */
		6E926DFB2982425C00A68EFB /* Main.storyboard */ = {
			isa = PBXVariantGroup;
			children = (
				6E926DFC2982425C00A68EFB /* Base */,
			);
			name = Main.storyboard;
			sourceTree = "<group>";
		};
		6E926E002982425D00A68EFB /* LaunchScreen.storyboard */ = {
			isa = PBXVariantGroup;
			children = (
				6E926E012982425D00A68EFB /* Base */,
			);
			name = LaunchScreen.storyboard;
			sourceTree = "<group>";
		};
/* End PBXVariantGroup section */

/* Begin XCBuildConfiguration section */
		6E926E042982425D00A68EFB /* Debug */ = {
			isa = XCBuildConfiguration;
			buildSettings = {
				ALWAYS_SEARCH_USER_PATHS = NO;
				CLANG_ANALYZER_NONNULL = YES;
				CLANG_ANALYZER_NUMBER_OBJECT_CONVERSION = YES_AGGRESSIVE;
				CLANG_CXX_LANGUAGE_STANDARD = "gnu++20";
				CLANG_ENABLE_MODULES = YES;
				CLANG_ENABLE_OBJC_ARC = YES;
				CLANG_ENABLE_OBJC_WEAK = YES;
				CLANG_WARN_BLOCK_CAPTURE_AUTORELEASING = YES;
				CLANG_WARN_BOOL_CONVERSION = YES;
				CLANG_WARN_COMMA = YES;
				CLANG_WARN_CONSTANT_CONVERSION = YES;
				CLANG_WARN_DEPRECATED_OBJC_IMPLEMENTATIONS = YES;
				CLANG_WARN_DIRECT_OBJC_ISA_USAGE = YES_ERROR;
				CLANG_WARN_DOCUMENTATION_COMMENTS = YES;
				CLANG_WARN_EMPTY_BODY = YES;
				CLANG_WARN_ENUM_CONVERSION = YES;
				CLANG_WARN_INFINITE_RECURSION = YES;
				CLANG_WARN_INT_CONVERSION = YES;
				CLANG_WARN_NON_LITERAL_NULL_CONVERSION = YES;
				CLANG_WARN_OBJC_IMPLICIT_RETAIN_SELF = YES;
				CLANG_WARN_OBJC_LITERAL_CONVERSION = YES;
				CLANG_WARN_OBJC_ROOT_CLASS = YES_ERROR;
				CLANG_WARN_QUOTED_INCLUDE_IN_FRAMEWORK_HEADER = YES;
				CLANG_WARN_RANGE_LOOP_ANALYSIS = YES;
				CLANG_WARN_STRICT_PROTOTYPES = YES;
				CLANG_WARN_SUSPICIOUS_MOVE = YES;
				CLANG_WARN_UNGUARDED_AVAILABILITY = YES_AGGRESSIVE;
				CLANG_WARN_UNREACHABLE_CODE = YES;
				CLANG_WARN__DUPLICATE_METHOD_MATCH = YES;
				COPY_PHASE_STRIP = NO;
				DEBUG_INFORMATION_FORMAT = dwarf;
				ENABLE_STRICT_OBJC_MSGSEND = YES;
				ENABLE_TESTABILITY = YES;
				GCC_C_LANGUAGE_STANDARD = gnu11;
				GCC_DYNAMIC_NO_PIC = NO;
				GCC_NO_COMMON_BLOCKS = YES;
				GCC_OPTIMIZATION_LEVEL = 0;
				GCC_PREPROCESSOR_DEFINITIONS = (
					"DEBUG=1",
					"$(inherited)",
				);
				GCC_WARN_64_TO_32_BIT_CONVERSION = YES;
				GCC_WARN_ABOUT_RETURN_TYPE = YES_ERROR;
				GCC_WARN_UNDECLARED_SELECTOR = YES;
				GCC_WARN_UNINITIALIZED_AUTOS = YES_AGGRESSIVE;
				GCC_WARN_UNUSED_FUNCTION = YES;
				GCC_WARN_UNUSED_VARIABLE = YES;
				IPHONEOS_DEPLOYMENT_TARGET = 16.2;
				MTL_ENABLE_DEBUG_INFO = INCLUDE_SOURCE;
				MTL_FAST_MATH = YES;
				ONLY_ACTIVE_ARCH = YES;
				SDKROOT = iphoneos;
				SWIFT_ACTIVE_COMPILATION_CONDITIONS = DEBUG;
				SWIFT_OPTIMIZATION_LEVEL = "-Onone";
			};
			name = Debug;
		};
		6E926E052982425D00A68EFB /* Release */ = {
			isa = XCBuildConfiguration;
			buildSettings = {
				ALWAYS_SEARCH_USER_PATHS = NO;
				CLANG_ANALYZER_NONNULL = YES;
				CLANG_ANALYZER_NUMBER_OBJECT_CONVERSION = YES_AGGRESSIVE;
				CLANG_CXX_LANGUAGE_STANDARD = "gnu++20";
				CLANG_ENABLE_MODULES = YES;
				CLANG_ENABLE_OBJC_ARC = YES;
				CLANG_ENABLE_OBJC_WEAK = YES;
				CLANG_WARN_BLOCK_CAPTURE_AUTORELEASING = YES;
				CLANG_WARN_BOOL_CONVERSION = YES;
				CLANG_WARN_COMMA = YES;
				CLANG_WARN_CONSTANT_CONVERSION = YES;
				CLANG_WARN_DEPRECATED_OBJC_IMPLEMENTATIONS = YES;
				CLANG_WARN_DIRECT_OBJC_ISA_USAGE = YES_ERROR;
				CLANG_WARN_DOCUMENTATION_COMMENTS = YES;
				CLANG_WARN_EMPTY_BODY = YES;
				CLANG_WARN_ENUM_CONVERSION = YES;
				CLANG_WARN_INFINITE_RECURSION = YES;
				CLANG_WARN_INT_CONVERSION = YES;
				CLANG_WARN_NON_LITERAL_NULL_CONVERSION = YES;
				CLANG_WARN_OBJC_IMPLICIT_RETAIN_SELF = YES;
				CLANG_WARN_OBJC_LITERAL_CONVERSION = YES;
				CLANG_WARN_OBJC_ROOT_CLASS = YES_ERROR;
				CLANG_WARN_QUOTED_INCLUDE_IN_FRAMEWORK_HEADER = YES;
				CLANG_WARN_RANGE_LOOP_ANALYSIS = YES;
				CLANG_WARN_STRICT_PROTOTYPES = YES;
				CLANG_WARN_SUSPICIOUS_MOVE = YES;
				CLANG_WARN_UNGUARDED_AVAILABILITY = YES_AGGRESSIVE;
				CLANG_WARN_UNREACHABLE_CODE = YES;
				CLANG_WARN__DUPLICATE_METHOD_MATCH = YES;
				COPY_PHASE_STRIP = NO;
				DEBUG_INFORMATION_FORMAT = "dwarf-with-dsym";
				ENABLE_NS_ASSERTIONS = NO;
				ENABLE_STRICT_OBJC_MSGSEND = YES;
				GCC_C_LANGUAGE_STANDARD = gnu11;
				GCC_NO_COMMON_BLOCKS = YES;
				GCC_WARN_64_TO_32_BIT_CONVERSION = YES;
				GCC_WARN_ABOUT_RETURN_TYPE = YES_ERROR;
				GCC_WARN_UNDECLARED_SELECTOR = YES;
				GCC_WARN_UNINITIALIZED_AUTOS = YES_AGGRESSIVE;
				GCC_WARN_UNUSED_FUNCTION = YES;
				GCC_WARN_UNUSED_VARIABLE = YES;
				IPHONEOS_DEPLOYMENT_TARGET = 16.2;
				MTL_ENABLE_DEBUG_INFO = NO;
				MTL_FAST_MATH = YES;
				SDKROOT = iphoneos;
				SWIFT_COMPILATION_MODE = wholemodule;
				SWIFT_OPTIMIZATION_LEVEL = "-O";
				VALIDATE_PRODUCT = YES;
			};
			name = Release;
		};
		6E926E072982425D00A68EFB /* Debug */ = {
			isa = XCBuildConfiguration;
			baseConfigurationReference = 2D51A8A3F2181CAF6AEBB782 /* Pods-TODO.debug.xcconfig */;
			buildSettings = {
				ASSETCATALOG_COMPILER_APPICON_NAME = AppIcon;
				ASSETCATALOG_COMPILER_GLOBAL_ACCENT_COLOR_NAME = AccentColor;
				CODE_SIGN_STYLE = Automatic;
				CURRENT_PROJECT_VERSION = 1;
				DEVELOPMENT_TEAM = 7YM75J8UJJ;
				GENERATE_INFOPLIST_FILE = YES;
				INFOPLIST_FILE = TODO/Info.plist;
				INFOPLIST_KEY_UIApplicationSupportsIndirectInputEvents = YES;
				INFOPLIST_KEY_UILaunchStoryboardName = LaunchScreen;
				INFOPLIST_KEY_UIMainStoryboardFile = Main;
				INFOPLIST_KEY_UISupportedInterfaceOrientations_iPad = "UIInterfaceOrientationPortrait UIInterfaceOrientationPortraitUpsideDown UIInterfaceOrientationLandscapeLeft UIInterfaceOrientationLandscapeRight";
				INFOPLIST_KEY_UISupportedInterfaceOrientations_iPhone = "UIInterfaceOrientationPortrait UIInterfaceOrientationLandscapeLeft UIInterfaceOrientationLandscapeRight";
				IPHONEOS_DEPLOYMENT_TARGET = 14.2;
				LD_RUNPATH_SEARCH_PATHS = (
					"$(inherited)",
					"@executable_path/Frameworks",
				);
				MARKETING_VERSION = 1.0;
				PRODUCT_BUNDLE_IDENTIFIER = com.chul.TODO;
				PRODUCT_NAME = "$(TARGET_NAME)";
				SWIFT_EMIT_LOC_STRINGS = YES;
				SWIFT_VERSION = 5.0;
				TARGETED_DEVICE_FAMILY = "1,2";
			};
			name = Debug;
		};
		6E926E082982425D00A68EFB /* Release */ = {
			isa = XCBuildConfiguration;
			baseConfigurationReference = AED98C68707F49EBE4F042EE /* Pods-TODO.release.xcconfig */;
			buildSettings = {
				ASSETCATALOG_COMPILER_APPICON_NAME = AppIcon;
				ASSETCATALOG_COMPILER_GLOBAL_ACCENT_COLOR_NAME = AccentColor;
				CODE_SIGN_STYLE = Automatic;
				CURRENT_PROJECT_VERSION = 1;
				DEVELOPMENT_TEAM = 7YM75J8UJJ;
				GENERATE_INFOPLIST_FILE = YES;
				INFOPLIST_FILE = TODO/Info.plist;
				INFOPLIST_KEY_UIApplicationSupportsIndirectInputEvents = YES;
				INFOPLIST_KEY_UILaunchStoryboardName = LaunchScreen;
				INFOPLIST_KEY_UIMainStoryboardFile = Main;
				INFOPLIST_KEY_UISupportedInterfaceOrientations_iPad = "UIInterfaceOrientationPortrait UIInterfaceOrientationPortraitUpsideDown UIInterfaceOrientationLandscapeLeft UIInterfaceOrientationLandscapeRight";
				INFOPLIST_KEY_UISupportedInterfaceOrientations_iPhone = "UIInterfaceOrientationPortrait UIInterfaceOrientationLandscapeLeft UIInterfaceOrientationLandscapeRight";
				IPHONEOS_DEPLOYMENT_TARGET = 14.2;
				LD_RUNPATH_SEARCH_PATHS = (
					"$(inherited)",
					"@executable_path/Frameworks",
				);
				MARKETING_VERSION = 1.0;
				PRODUCT_BUNDLE_IDENTIFIER = com.chul.TODO;
				PRODUCT_NAME = "$(TARGET_NAME)";
				SWIFT_EMIT_LOC_STRINGS = YES;
				SWIFT_VERSION = 5.0;
				TARGETED_DEVICE_FAMILY = "1,2";
			};
			name = Release;
		};
/* End XCBuildConfiguration section */

/* Begin XCConfigurationList section */
		6E926DED2982425C00A68EFB /* Build configuration list for PBXProject "TODO" */ = {
			isa = XCConfigurationList;
			buildConfigurations = (
				6E926E042982425D00A68EFB /* Debug */,
				6E926E052982425D00A68EFB /* Release */,
			);
			defaultConfigurationIsVisible = 0;
			defaultConfigurationName = Release;
		};
		6E926E062982425D00A68EFB /* Build configuration list for PBXNativeTarget "TODO" */ = {
			isa = XCConfigurationList;
			buildConfigurations = (
				6E926E072982425D00A68EFB /* Debug */,
				6E926E082982425D00A68EFB /* Release */,
			);
			defaultConfigurationIsVisible = 0;
			defaultConfigurationName = Release;
		};
/* End XCConfigurationList section */
	};
	rootObject = 6E926DEA2982425C00A68EFB /* Project object */;
}
